{
    "version": 3,
    "terraform_version": "0.9.9",
    "serial": 54,
    "lineage": "6ad94f3e-3a4d-466b-b13b-32c2e3823de9",
    "modules": [
        {
            "path": [
                "root"
            ],
            "outputs": {},
            "resources": {
                "aws_instance.dicky-instance": {
                    "type": "aws_instance",
                    "depends_on": [
                        "aws_security_group.instance"
                    ],
                    "primary": {
                        "id": "i-0090d846c1202593a",
                        "attributes": {
                            "ami": "ami-4836a428",
                            "associate_public_ip_address": "true",
                            "availability_zone": "us-west-2c",
                            "disable_api_termination": "false",
                            "ebs_block_device.#": "0",
                            "ebs_optimized": "false",
                            "ephemeral_block_device.#": "0",
                            "iam_instance_profile": "",
                            "id": "i-0090d846c1202593a",
                            "instance_state": "running",
                            "instance_type": "t2.micro",
                            "ipv6_addresses.#": "0",
                            "key_name": "personal_aws_dicky",
                            "monitoring": "false",
                            "network_interface.#": "0",
                            "network_interface_id": "eni-1a1c301b",
                            "primary_network_interface_id": "eni-1a1c301b",
                            "private_dns": "ip-172-31-6-72.us-west-2.compute.internal",
                            "private_ip": "172.31.6.72",
                            "public_dns": "ec2-52-36-41-183.us-west-2.compute.amazonaws.com",
                            "public_ip": "52.36.41.183",
                            "root_block_device.#": "1",
                            "root_block_device.0.delete_on_termination": "true",
                            "root_block_device.0.iops": "100",
                            "root_block_device.0.volume_size": "8",
                            "root_block_device.0.volume_type": "gp2",
                            "security_groups.#": "0",
                            "source_dest_check": "true",
                            "subnet_id": "subnet-5103da0a",
                            "tags.%": "1",
                            "tags.Name": "dicky-test",
                            "tenancy": "default",
                            "user_data": "50c334eff9b538bc149712a145d86ef44d0fd4d5",
                            "volume_tags.%": "0",
                            "vpc_security_group_ids.#": "1",
                            "vpc_security_group_ids.1806698400": "sg-e1d4099b"
                        },
                        "meta": {
                            "e2bfb730-ecaa-11e6-8f88-34363bc7c4c0": {
                                "create": 600000000000,
                                "delete": 600000000000,
                                "update": 600000000000
                            },
                            "schema_version": "1"
                        },
                        "tainted": false
                    },
                    "deposed": [],
                    "provider": ""
                },
                "aws_security_group.instance": {
                    "type": "aws_security_group",
                    "depends_on": [],
                    "primary": {
                        "id": "sg-e1d4099b",
                        "attributes": {
                            "description": "Managed by Terraform",
                            "egress.#": "0",
                            "id": "sg-e1d4099b",
                            "ingress.#": "1",
                            "ingress.2541437006.cidr_blocks.#": "1",
                            "ingress.2541437006.cidr_blocks.0": "0.0.0.0/0",
                            "ingress.2541437006.from_port": "22",
                            "ingress.2541437006.ipv6_cidr_blocks.#": "0",
                            "ingress.2541437006.protocol": "TCP",
                            "ingress.2541437006.security_groups.#": "0",
                            "ingress.2541437006.self": "false",
                            "ingress.2541437006.to_port": "22",
                            "name": "dicky-test-instance",
                            "owner_id": "564221639357",
                            "tags.%": "0",
                            "vpc_id": "vpc-68b15d0e"
                        },
                        "meta": {},
                        "tainted": false
                    },
                    "deposed": [],
                    "provider": ""
                },
                "aws_security_group_rule.all_outbound": {
                    "type": "aws_security_group_rule",
                    "depends_on": [
                        "aws_security_group.instance"
                    ],
                    "primary": {
                        "id": "sgrule-2292168883",
                        "attributes": {
                            "cidr_blocks.#": "1",
                            "cidr_blocks.0": "0.0.0.0/0",
                            "from_port": "0",
                            "id": "sgrule-2292168883",
                            "protocol": "-1",
                            "security_group_id": "sg-e1d4099b",
                            "self": "false",
                            "to_port": "0",
                            "type": "egress"
                        },
                        "meta": {
                            "schema_version": "2"
                        },
                        "tainted": false
                    },
                    "deposed": [],
                    "provider": ""
                },
                "aws_security_group_rule.http": {
                    "type": "aws_security_group_rule",
                    "depends_on": [
                        "aws_security_group.instance"
                    ],
                    "primary": {
                        "id": "sgrule-3716598653",
                        "attributes": {
                            "cidr_blocks.#": "1",
                            "cidr_blocks.0": "0.0.0.0/0",
                            "from_port": "80",
                            "id": "sgrule-3716598653",
                            "protocol": "tcp",
                            "security_group_id": "sg-e1d4099b",
                            "self": "false",
                            "to_port": "80",
                            "type": "ingress"
                        },
                        "meta": {
                            "schema_version": "2"
                        },
                        "tainted": false
                    },
                    "deposed": [],
                    "provider": ""
                },
                "null_resource.jrwebdev": {
                    "type": "null_resource",
                    "depends_on": [
                        "aws_instance.dicky-instance"
                    ],
                    "primary": {
                        "id": "5397519103319688974",
                        "attributes": {
                            "id": "5397519103319688974",
                            "triggers.%": "1",
                            "triggers.cluster_instance_ids": "i-0090d846c1202593a"
                        },
                        "meta": {},
                        "tainted": false
                    },
                    "deposed": [],
                    "provider": ""
                }
            },
            "depends_on": []
        }
    ]
}
